
Microsoft Visual Studio Solution File, Format Version 12.00
# Visual Studio Version 17
VisualStudioVersion = 17.0.31903.59
MinimumVisualStudioVersion = 10.0.40219.1
Project("{2150E333-8FDC-42A3-9474-1A3956D46DE8}") = "src", "src", "{827E0CD3-B72D-47B6-A68D-7590B98EB39B}"
EndProject
Project("{FAE04EC0-301F-11D3-BF4B-00C04F79EFBC}") = "TheDomain.Api", "src\TheDomain.Api\TheDomain.Api.csproj", "{B0D343EE-DE88-4C22-844F-EEA135505588}"
EndProject
Project("{FAE04EC0-301F-11D3-BF4B-00C04F79EFBC}") = "TheDomain.Application", "src\TheDomain.Application\TheDomain.Application.csproj", "{5BB5837A-04B6-485C-AB56-633C8AE50075}"
EndProject
Project("{FAE04EC0-301F-11D3-BF4B-00C04F79EFBC}") = "TheDomain.Domain", "src\TheDomain.Domain\TheDomain.Domain.csproj", "{19BE0BE5-A761-44AA-BF89-4E9F1010E352}"
EndProject
Project("{FAE04EC0-301F-11D3-BF4B-00C04F79EFBC}") = "TheDomain.Infrastructure", "src\TheDomain.Infrastructure\TheDomain.Infrastructure.csproj", "{799AA8F4-D59C-4096-8AD7-7CF183CE71A8}"
EndProject
Project("{FAE04EC0-301F-11D3-BF4B-00C04F79EFBC}") = "TheDomain.Shared", "src\TheDomain.Shared\TheDomain.Shared.csproj", "{CA801907-A7E7-460B-9074-BB3801B1B6AC}"
EndProject
Project("{FAE04EC0-301F-11D3-BF4B-00C04F79EFBC}") = "TheDomain.Api.Tests", "tests\TheDomain.Api.Tests\TheDomain.Api.Tests.csproj", "{71518FAB-5992-4558-971C-9D783E7DDF0D}"
EndProject
Project("{FAE04EC0-301F-11D3-BF4B-00C04F79EFBC}") = "TheDomain.Application.Tests", "tests\TheDomain.Application.Tests\TheDomain.Application.Tests.csproj", "{EB73B0E8-9F3C-4CB2-9912-CA4849801DFB}"
EndProject
Project("{FAE04EC0-301F-11D3-BF4B-00C04F79EFBC}") = "TheDomain.Infrastructure.Tests", "tests\TheDomain.Infrastructure.Tests\TheDomain.Infrastructure.Tests.csproj", "{41BD562D-AAC5-4756-9D30-5DDDD1DE2BEE}"
EndProject
Global
	GlobalSection(SolutionConfigurationPlatforms) = preSolution
		Debug|Any CPU = Debug|Any CPU
		Debug|x64 = Debug|x64
		Debug|x86 = Debug|x86
		Release|Any CPU = Release|Any CPU
		Release|x64 = Release|x64
		Release|x86 = Release|x86
	EndGlobalSection
	GlobalSection(ProjectConfigurationPlatforms) = postSolution
		{B0D343EE-DE88-4C22-844F-EEA135505588}.Debug|Any CPU.ActiveCfg = Debug|Any CPU
		{B0D343EE-DE88-4C22-844F-EEA135505588}.Debug|Any CPU.Build.0 = Debug|Any CPU
		{B0D343EE-DE88-4C22-844F-EEA135505588}.Debug|x64.ActiveCfg = Debug|Any CPU
		{B0D343EE-DE88-4C22-844F-EEA135505588}.Debug|x64.Build.0 = Debug|Any CPU
		{B0D343EE-DE88-4C22-844F-EEA135505588}.Debug|x86.ActiveCfg = Debug|Any CPU
		{B0D343EE-DE88-4C22-844F-EEA135505588}.Debug|x86.Build.0 = Debug|Any CPU
		{B0D343EE-DE88-4C22-844F-EEA135505588}.Release|Any CPU.ActiveCfg = Release|Any CPU
		{B0D343EE-DE88-4C22-844F-EEA135505588}.Release|Any CPU.Build.0 = Release|Any CPU
		{B0D343EE-DE88-4C22-844F-EEA135505588}.Release|x64.ActiveCfg = Release|Any CPU
		{B0D343EE-DE88-4C22-844F-EEA135505588}.Release|x64.Build.0 = Release|Any CPU
		{B0D343EE-DE88-4C22-844F-EEA135505588}.Release|x86.ActiveCfg = Release|Any CPU
		{B0D343EE-DE88-4C22-844F-EEA135505588}.Release|x86.Build.0 = Release|Any CPU
		{5BB5837A-04B6-485C-AB56-633C8AE50075}.Debug|Any CPU.ActiveCfg = Debug|Any CPU
		{5BB5837A-04B6-485C-AB56-633C8AE50075}.Debug|Any CPU.Build.0 = Debug|Any CPU
		{5BB5837A-04B6-485C-AB56-633C8AE50075}.Debug|x64.ActiveCfg = Debug|Any CPU
		{5BB5837A-04B6-485C-AB56-633C8AE50075}.Debug|x64.Build.0 = Debug|Any CPU
		{5BB5837A-04B6-485C-AB56-633C8AE50075}.Debug|x86.ActiveCfg = Debug|Any CPU
		{5BB5837A-04B6-485C-AB56-633C8AE50075}.Debug|x86.Build.0 = Debug|Any CPU
		{5BB5837A-04B6-485C-AB56-633C8AE50075}.Release|Any CPU.ActiveCfg = Release|Any CPU
		{5BB5837A-04B6-485C-AB56-633C8AE50075}.Release|Any CPU.Build.0 = Release|Any CPU
		{5BB5837A-04B6-485C-AB56-633C8AE50075}.Release|x64.ActiveCfg = Release|Any CPU
		{5BB5837A-04B6-485C-AB56-633C8AE50075}.Release|x64.Build.0 = Release|Any CPU
		{5BB5837A-04B6-485C-AB56-633C8AE50075}.Release|x86.ActiveCfg = Release|Any CPU
		{5BB5837A-04B6-485C-AB56-633C8AE50075}.Release|x86.Build.0 = Release|Any CPU
		{19BE0BE5-A761-44AA-BF89-4E9F1010E352}.Debug|Any CPU.ActiveCfg = Debug|Any CPU
		{19BE0BE5-A761-44AA-BF89-4E9F1010E352}.Debug|Any CPU.Build.0 = Debug|Any CPU
		{19BE0BE5-A761-44AA-BF89-4E9F1010E352}.Debug|x64.ActiveCfg = Debug|Any CPU
		{19BE0BE5-A761-44AA-BF89-4E9F1010E352}.Debug|x64.Build.0 = Debug|Any CPU
		{19BE0BE5-A761-44AA-BF89-4E9F1010E352}.Debug|x86.ActiveCfg = Debug|Any CPU
		{19BE0BE5-A761-44AA-BF89-4E9F1010E352}.Debug|x86.Build.0 = Debug|Any CPU
		{19BE0BE5-A761-44AA-BF89-4E9F1010E352}.Release|Any CPU.ActiveCfg = Release|Any CPU
		{19BE0BE5-A761-44AA-BF89-4E9F1010E352}.Release|Any CPU.Build.0 = Release|Any CPU
		{19BE0BE5-A761-44AA-BF89-4E9F1010E352}.Release|x64.ActiveCfg = Release|Any CPU
		{19BE0BE5-A761-44AA-BF89-4E9F1010E352}.Release|x64.Build.0 = Release|Any CPU
		{19BE0BE5-A761-44AA-BF89-4E9F1010E352}.Release|x86.ActiveCfg = Release|Any CPU
		{19BE0BE5-A761-44AA-BF89-4E9F1010E352}.Release|x86.Build.0 = Release|Any CPU
		{799AA8F4-D59C-4096-8AD7-7CF183CE71A8}.Debug|Any CPU.ActiveCfg = Debug|Any CPU
		{799AA8F4-D59C-4096-8AD7-7CF183CE71A8}.Debug|Any CPU.Build.0 = Debug|Any CPU
		{799AA8F4-D59C-4096-8AD7-7CF183CE71A8}.Debug|x64.ActiveCfg = Debug|Any CPU
		{799AA8F4-D59C-4096-8AD7-7CF183CE71A8}.Debug|x64.Build.0 = Debug|Any CPU
		{799AA8F4-D59C-4096-8AD7-7CF183CE71A8}.Debug|x86.ActiveCfg = Debug|Any CPU
		{799AA8F4-D59C-4096-8AD7-7CF183CE71A8}.Debug|x86.Build.0 = Debug|Any CPU
		{799AA8F4-D59C-4096-8AD7-7CF183CE71A8}.Release|Any CPU.ActiveCfg = Release|Any CPU
		{799AA8F4-D59C-4096-8AD7-7CF183CE71A8}.Release|Any CPU.Build.0 = Release|Any CPU
		{799AA8F4-D59C-4096-8AD7-7CF183CE71A8}.Release|x64.ActiveCfg = Release|Any CPU
		{799AA8F4-D59C-4096-8AD7-7CF183CE71A8}.Release|x64.Build.0 = Release|Any CPU
		{799AA8F4-D59C-4096-8AD7-7CF183CE71A8}.Release|x86.ActiveCfg = Release|Any CPU
		{799AA8F4-D59C-4096-8AD7-7CF183CE71A8}.Release|x86.Build.0 = Release|Any CPU
		{CA801907-A7E7-460B-9074-BB3801B1B6AC}.Debug|Any CPU.ActiveCfg = Debug|Any CPU
		{CA801907-A7E7-460B-9074-BB3801B1B6AC}.Debug|Any CPU.Build.0 = Debug|Any CPU
		{CA801907-A7E7-460B-9074-BB3801B1B6AC}.Debug|x64.ActiveCfg = Debug|Any CPU
		{CA801907-A7E7-460B-9074-BB3801B1B6AC}.Debug|x64.Build.0 = Debug|Any CPU
		{CA801907-A7E7-460B-9074-BB3801B1B6AC}.Debug|x86.ActiveCfg = Debug|Any CPU
		{CA801907-A7E7-460B-9074-BB3801B1B6AC}.Debug|x86.Build.0 = Debug|Any CPU
		{CA801907-A7E7-460B-9074-BB3801B1B6AC}.Release|Any CPU.ActiveCfg = Release|Any CPU
		{CA801907-A7E7-460B-9074-BB3801B1B6AC}.Release|Any CPU.Build.0 = Release|Any CPU
		{CA801907-A7E7-460B-9074-BB3801B1B6AC}.Release|x64.ActiveCfg = Release|Any CPU
		{CA801907-A7E7-460B-9074-BB3801B1B6AC}.Release|x64.Build.0 = Release|Any CPU
		{CA801907-A7E7-460B-9074-BB3801B1B6AC}.Release|x86.ActiveCfg = Release|Any CPU
		{CA801907-A7E7-460B-9074-BB3801B1B6AC}.Release|x86.Build.0 = Release|Any CPU
		{71518FAB-5992-4558-971C-9D783E7DDF0D}.Debug|Any CPU.ActiveCfg = Debug|Any CPU
		{71518FAB-5992-4558-971C-9D783E7DDF0D}.Debug|Any CPU.Build.0 = Debug|Any CPU
		{71518FAB-5992-4558-971C-9D783E7DDF0D}.Debug|x64.ActiveCfg = Debug|Any CPU
		{71518FAB-5992-4558-971C-9D783E7DDF0D}.Debug|x64.Build.0 = Debug|Any CPU
		{71518FAB-5992-4558-971C-9D783E7DDF0D}.Debug|x86.ActiveCfg = Debug|Any CPU
		{71518FAB-5992-4558-971C-9D783E7DDF0D}.Debug|x86.Build.0 = Debug|Any CPU
		{71518FAB-5992-4558-971C-9D783E7DDF0D}.Release|Any CPU.ActiveCfg = Release|Any CPU
		{71518FAB-5992-4558-971C-9D783E7DDF0D}.Release|Any CPU.Build.0 = Release|Any CPU
		{71518FAB-5992-4558-971C-9D783E7DDF0D}.Release|x64.ActiveCfg = Release|Any CPU
		{71518FAB-5992-4558-971C-9D783E7DDF0D}.Release|x64.Build.0 = Release|Any CPU
		{71518FAB-5992-4558-971C-9D783E7DDF0D}.Release|x86.ActiveCfg = Release|Any CPU
		{71518FAB-5992-4558-971C-9D783E7DDF0D}.Release|x86.Build.0 = Release|Any CPU
		{EB73B0E8-9F3C-4CB2-9912-CA4849801DFB}.Debug|Any CPU.ActiveCfg = Debug|Any CPU
		{EB73B0E8-9F3C-4CB2-9912-CA4849801DFB}.Debug|Any CPU.Build.0 = Debug|Any CPU
		{EB73B0E8-9F3C-4CB2-9912-CA4849801DFB}.Debug|x64.ActiveCfg = Debug|Any CPU
		{EB73B0E8-9F3C-4CB2-9912-CA4849801DFB}.Debug|x64.Build.0 = Debug|Any CPU
		{EB73B0E8-9F3C-4CB2-9912-CA4849801DFB}.Debug|x86.ActiveCfg = Debug|Any CPU
		{EB73B0E8-9F3C-4CB2-9912-CA4849801DFB}.Debug|x86.Build.0 = Debug|Any CPU
		{EB73B0E8-9F3C-4CB2-9912-CA4849801DFB}.Release|Any CPU.ActiveCfg = Release|Any CPU
		{EB73B0E8-9F3C-4CB2-9912-CA4849801DFB}.Release|Any CPU.Build.0 = Release|Any CPU
		{EB73B0E8-9F3C-4CB2-9912-CA4849801DFB}.Release|x64.ActiveCfg = Release|Any CPU
		{EB73B0E8-9F3C-4CB2-9912-CA4849801DFB}.Release|x64.Build.0 = Release|Any CPU
		{EB73B0E8-9F3C-4CB2-9912-CA4849801DFB}.Release|x86.ActiveCfg = Release|Any CPU
		{EB73B0E8-9F3C-4CB2-9912-CA4849801DFB}.Release|x86.Build.0 = Release|Any CPU
		{41BD562D-AAC5-4756-9D30-5DDDD1DE2BEE}.Debug|Any CPU.ActiveCfg = Debug|Any CPU
		{41BD562D-AAC5-4756-9D30-5DDDD1DE2BEE}.Debug|Any CPU.Build.0 = Debug|Any CPU
		{41BD562D-AAC5-4756-9D30-5DDDD1DE2BEE}.Debug|x64.ActiveCfg = Debug|Any CPU
		{41BD562D-AAC5-4756-9D30-5DDDD1DE2BEE}.Debug|x64.Build.0 = Debug|Any CPU
		{41BD562D-AAC5-4756-9D30-5DDDD1DE2BEE}.Debug|x86.ActiveCfg = Debug|Any CPU
		{41BD562D-AAC5-4756-9D30-5DDDD1DE2BEE}.Debug|x86.Build.0 = Debug|Any CPU
		{41BD562D-AAC5-4756-9D30-5DDDD1DE2BEE}.Release|Any CPU.ActiveCfg = Release|Any CPU
		{41BD562D-AAC5-4756-9D30-5DDDD1DE2BEE}.Release|Any CPU.Build.0 = Release|Any CPU
		{41BD562D-AAC5-4756-9D30-5DDDD1DE2BEE}.Release|x64.ActiveCfg = Release|Any CPU
		{41BD562D-AAC5-4756-9D30-5DDDD1DE2BEE}.Release|x64.Build.0 = Release|Any CPU
		{41BD562D-AAC5-4756-9D30-5DDDD1DE2BEE}.Release|x86.ActiveCfg = Release|Any CPU
		{41BD562D-AAC5-4756-9D30-5DDDD1DE2BEE}.Release|x86.Build.0 = Release|Any CPU
	EndGlobalSection
	GlobalSection(SolutionProperties) = preSolution
		HideSolutionNode = FALSE
	EndGlobalSection
	GlobalSection(NestedProjects) = preSolution
		{B0D343EE-DE88-4C22-844F-EEA135505588} = {827E0CD3-B72D-47B6-A68D-7590B98EB39B}
		{5BB5837A-04B6-485C-AB56-633C8AE50075} = {827E0CD3-B72D-47B6-A68D-7590B98EB39B}
		{19BE0BE5-A761-44AA-BF89-4E9F1010E352} = {827E0CD3-B72D-47B6-A68D-7590B98EB39B}
		{799AA8F4-D59C-4096-8AD7-7CF183CE71A8} = {827E0CD3-B72D-47B6-A68D-7590B98EB39B}
		{CA801907-A7E7-460B-9074-BB3801B1B6AC} = {827E0CD3-B72D-47B6-A68D-7590B98EB39B}
		{71518FAB-5992-4558-971C-9D783E7DDF0D} = {827E0CD3-B72D-47B6-A68D-7590B98EB39B}
		{EB73B0E8-9F3C-4CB2-9912-CA4849801DFB} = {827E0CD3-B72D-47B6-A68D-7590B98EB39B}
		{41BD562D-AAC5-4756-9D30-5DDDD1DE2BEE} = {827E0CD3-B72D-47B6-A68D-7590B98EB39B}
	EndGlobalSection
EndGlobal
